// !$*UTF8*$!
{
	archiveVersion = 1;
	classes = {
	};
	objectVersion = 46;
	objects = {

/* Begin PBXBuildFile section */
		17991D421F4281F2007E2AF1 /* ViewController.swift in Sources */ = {isa = PBXBuildFile; fileRef = 17991D411F4281F2007E2AF1 /* ViewController.swift */; };
		17991D451F4281F2007E2AF1 /* Main.storyboard in Resources */ = {isa = PBXBuildFile; fileRef = 17991D431F4281F2007E2AF1 /* Main.storyboard */; };
		17991D471F4281F2007E2AF1 /* Assets.xcassets in Resources */ = {isa = PBXBuildFile; fileRef = 17991D461F4281F2007E2AF1 /* Assets.xcassets */; };
		17991D4A1F4281F2007E2AF1 /* LaunchScreen.storyboard in Resources */ = {isa = PBXBuildFile; fileRef = 17991D481F4281F2007E2AF1 /* LaunchScreen.storyboard */; };
		17CBF66A1F454BAA00525F04 /* CitiesTableView.swift in Sources */ = {isa = PBXBuildFile; fileRef = 17CBF6691F454BAA00525F04 /* CitiesTableView.swift */; };
		17DBF7AB1F42EB2800170FA6 /* AppDelegate.swift in Sources */ = {isa = PBXBuildFile; fileRef = 17991D3F1F4281F2007E2AF1 /* AppDelegate.swift */; };
		17DBF7AD1F43A47A00170FA6 /* Podfile in Resources */ = {isa = PBXBuildFile; fileRef = 17DBF7AC1F43A47A00170FA6 /* Podfile */; };
		9F20D2031E735FED8AF74DFF /* libPods-UTravel.a in Frameworks */ = {isa = PBXBuildFile; fileRef = 12473F9F2D0F61F26E075AF7 /* libPods-UTravel.a */; };
/* End PBXBuildFile section */

/* Begin PBXFileReference section */
		12473F9F2D0F61F26E075AF7 /* libPods-UTravel.a */ = {isa = PBXFileReference; explicitFileType = archive.ar; includeInIndex = 0; path = "libPods-UTravel.a"; sourceTree = BUILT_PRODUCTS_DIR; };
		1376FCE46E387E5B6AE59AE4 /* Pods-UTravel.debug.xcconfig */ = {isa = PBXFileReference; includeInIndex = 1; lastKnownFileType = text.xcconfig; name = "Pods-UTravel.debug.xcconfig"; path = "Pods/Target Support Files/Pods-UTravel/Pods-UTravel.debug.xcconfig"; sourceTree = "<group>"; };
		17991D3C1F4281F2007E2AF1 /* UTravel.app */ = {isa = PBXFileReference; explicitFileType = wrapper.application; includeInIndex = 0; path = UTravel.app; sourceTree = BUILT_PRODUCTS_DIR; };
		17991D3F1F4281F2007E2AF1 /* AppDelegate.swift */ = {isa = PBXFileReference; lastKnownFileType = sourcecode.swift; path = AppDelegate.swift; sourceTree = "<group>"; };
		17991D411F4281F2007E2AF1 /* ViewController.swift */ = {isa = PBXFileReference; lastKnownFileType = sourcecode.swift; path = ViewController.swift; sourceTree = "<group>"; };
		17991D441F4281F2007E2AF1 /* Base */ = {isa = PBXFileReference; lastKnownFileType = file.storyboard; name = Base; path = Base.lproj/Main.storyboard; sourceTree = "<group>"; };
		17991D461F4281F2007E2AF1 /* Assets.xcassets */ = {isa = PBXFileReference; lastKnownFileType = folder.assetcatalog; path = Assets.xcassets; sourceTree = "<group>"; };
		17991D491F4281F2007E2AF1 /* Base */ = {isa = PBXFileReference; lastKnownFileType = file.storyboard; name = Base; path = Base.lproj/LaunchScreen.storyboard; sourceTree = "<group>"; };
		17991D4B1F4281F2007E2AF1 /* Info.plist */ = {isa = PBXFileReference; lastKnownFileType = text.plist.xml; path = Info.plist; sourceTree = "<group>"; };
		17CBF6691F454BAA00525F04 /* CitiesTableView.swift */ = {isa = PBXFileReference; fileEncoding = 4; lastKnownFileType = sourcecode.swift; path = CitiesTableView.swift; sourceTree = "<group>"; };
		17DBF7AC1F43A47A00170FA6 /* Podfile */ = {isa = PBXFileReference; fileEncoding = 4; lastKnownFileType = text; path = Podfile; sourceTree = "<group>"; xcLanguageSpecificationIdentifier = xcode.lang.ruby; };
		FB33ED6ECD09276778C061E9 /* Pods-UTravel.release.xcconfig */ = {isa = PBXFileReference; includeInIndex = 1; lastKnownFileType = text.xcconfig; name = "Pods-UTravel.release.xcconfig"; path = "Pods/Target Support Files/Pods-UTravel/Pods-UTravel.release.xcconfig"; sourceTree = "<group>"; };
/* End PBXFileReference section */

/* Begin PBXFrameworksBuildPhase section */
		17991D391F4281F2007E2AF1 /* Frameworks */ = {
			isa = PBXFrameworksBuildPhase;
			buildActionMask = 2147483647;
			files = (
				9F20D2031E735FED8AF74DFF /* libPods-UTravel.a in Frameworks */,
			);
			runOnlyForDeploymentPostprocessing = 0;
		};
/* End PBXFrameworksBuildPhase section */

/* Begin PBXGroup section */
		17991D331F4281F2007E2AF1 = {
			isa = PBXGroup;
			children = (
				17DBF7AC1F43A47A00170FA6 /* Podfile */,
				17991D3E1F4281F2007E2AF1 /* UTravel */,
				17991D3D1F4281F2007E2AF1 /* Products */,
				20A89BE47C51C3D560C3C3F4 /* Frameworks */,
				FD718F34342B0B9CB1B47EC0 /* Pods */,
			);
			sourceTree = "<group>";
		};
		17991D3D1F4281F2007E2AF1 /* Products */ = {
			isa = PBXGroup;
			children = (
				17991D3C1F4281F2007E2AF1 /* UTravel.app */,
			);
			name = Products;
			sourceTree = "<group>";
		};
		17991D3E1F4281F2007E2AF1 /* UTravel */ = {
			isa = PBXGroup;
			children = (
				17991D3F1F4281F2007E2AF1 /* AppDelegate.swift */,
				17991D411F4281F2007E2AF1 /* ViewController.swift */,
				17991D431F4281F2007E2AF1 /* Main.storyboard */,
				17CBF6691F454BAA00525F04 /* CitiesTableView.swift */,
				17991D461F4281F2007E2AF1 /* Assets.xcassets */,
				17991D481F4281F2007E2AF1 /* LaunchScreen.storyboard */,
				17991D4B1F4281F2007E2AF1 /* Info.plist */,
			);
			path = UTravel;
			sourceTree = "<group>";
		};
		20A89BE47C51C3D560C3C3F4 /* Frameworks */ = {
			isa = PBXGroup;
			children = (
				12473F9F2D0F61F26E075AF7 /* libPods-UTravel.a */,
			);
			name = Frameworks;
			sourceTree = "<group>";
		};
		FD718F34342B0B9CB1B47EC0 /* Pods */ = {
			isa = PBXGroup;
			children = (
				1376FCE46E387E5B6AE59AE4 /* Pods-UTravel.debug.xcconfig */,
				FB33ED6ECD09276778C061E9 /* Pods-UTravel.release.xcconfig */,
			);
			name = Pods;
			sourceTree = "<group>";
		};
/* End PBXGroup section */

/* Begin PBXNativeTarget section */
		17991D3B1F4281F2007E2AF1 /* UTravel */ = {
			isa = PBXNativeTarget;
			buildConfigurationList = 17991D4E1F4281F2007E2AF1 /* Build configuration list for PBXNativeTarget "UTravel" */;
			buildPhases = (
				6C3AD2FE363E086BF767040C /* [CP] Check Pods Manifest.lock */,
				17991D381F4281F2007E2AF1 /* Sources */,
				17991D391F4281F2007E2AF1 /* Frameworks */,
				17991D3A1F4281F2007E2AF1 /* Resources */,
				BC731037DEB8D5D226052433 /* [CP] Embed Pods Frameworks */,
				8073506CC62932613F599877 /* [CP] Copy Pods Resources */,
			);
			buildRules = (
			);
			dependencies = (
			);
			name = UTravel;
			productName = UTravel;
			productReference = 17991D3C1F4281F2007E2AF1 /* UTravel.app */;
			productType = "com.apple.product-type.application";
		};
/* End PBXNativeTarget section */

/* Begin PBXProject section */
		17991D341F4281F2007E2AF1 /* Project object */ = {
			isa = PBXProject;
			attributes = {
				LastSwiftUpdateCheck = 0830;
				LastUpgradeCheck = 0830;
				ORGANIZATIONNAME = Lidennis62;
				TargetAttributes = {
					17991D3B1F4281F2007E2AF1 = {
						CreatedOnToolsVersion = 8.3.3;
						DevelopmentTeam = DY4Z56QSR7;
						ProvisioningStyle = Automatic;
					};
				};
			};
			buildConfigurationList = 17991D371F4281F2007E2AF1 /* Build configuration list for PBXProject "UTravel" */;
			compatibilityVersion = "Xcode 3.2";
			developmentRegion = English;
			hasScannedForEncodings = 0;
			knownRegions = (
				en,
				Base,
			);
			mainGroup = 17991D331F4281F2007E2AF1;
			productRefGroup = 17991D3D1F4281F2007E2AF1 /* Products */;
			projectDirPath = "";
			projectRoot = "";
			targets = (
				17991D3B1F4281F2007E2AF1 /* UTravel */,
			);
		};
/* End PBXProject section */

/* Begin PBXResourcesBuildPhase section */
		17991D3A1F4281F2007E2AF1 /* Resources */ = {
			isa = PBXResourcesBuildPhase;
			buildActionMask = 2147483647;
			files = (
				17991D4A1F4281F2007E2AF1 /* LaunchScreen.storyboard in Resources */,
				17991D471F4281F2007E2AF1 /* Assets.xcassets in Resources */,
				17DBF7AD1F43A47A00170FA6 /* Podfile in Resources */,
				17991D451F4281F2007E2AF1 /* Main.storyboard in Resources */,
			);
			runOnlyForDeploymentPostprocessing = 0;
		};
/* End PBXResourcesBuildPhase section */

/* Begin PBXShellScriptBuildPhase section */
		6C3AD2FE363E086BF767040C /* [CP] Check Pods Manifest.lock */ = {
			isa = PBXShellScriptBuildPhase;
			buildActionMask = 2147483647;
			files = (
			);
			inputPaths = (
				"${PODS_PODFILE_DIR_PATH}/Podfile.lock",
				"${PODS_ROOT}/Manifest.lock",
			);
			name = "[CP] Check Pods Manifest.lock";
			outputPaths = (
				"$(DERIVED_FILE_DIR)/Pods-UTravel-checkManifestLockResult.txt",
			);
			runOnlyForDeploymentPostprocessing = 0;
			shellPath = /bin/sh;
			shellScript = "diff \"${PODS_PODFILE_DIR_PATH}/Podfile.lock\" \"${PODS_ROOT}/Manifest.lock\" > /dev/null\nif [ $? != 0 ] ; then\n    # print error to STDERR\n    echo \"error: The sandbox is not in sync with the Podfile.lock. Run 'pod install' or update your CocoaPods installation.\" >&2\n    exit 1\nfi\n# This output is used by Xcode 'outputs' to avoid re-running this script phase.\necho \"SUCCESS\" > \"${SCRIPT_OUTPUT_FILE_0}\"\n";
			showEnvVarsInLog = 0;
		};
		8073506CC62932613F599877 /* [CP] Copy Pods Resources */ = {
			isa = PBXShellScriptBuildPhase;
			buildActionMask = 2147483647;
			files = (
			);
			inputPaths = (
				"${SRCROOT}/Pods/Target Support Files/Pods-UTravel/Pods-UTravel-resources.sh",
				"${PODS_ROOT}/GoogleMaps/Maps/Frameworks/GoogleMaps.framework/Versions/A/Resources/GoogleMaps.bundle",
				"${PODS_ROOT}/GooglePlacePicker/Frameworks/GooglePlacePicker.framework/Versions/A/Resources/GooglePlacePicker.bundle",
				"${PODS_ROOT}/GooglePlaces/Frameworks/GooglePlaces.framework/Versions/A/Resources/GooglePlaces.bundle",
			);
			name = "[CP] Copy Pods Resources";
			outputPaths = (
				"${TARGET_BUILD_DIR}/${UNLOCALIZED_RESOURCES_FOLDER_PATH}",
			);
			runOnlyForDeploymentPostprocessing = 0;
			shellPath = /bin/sh;
			shellScript = "\"${SRCROOT}/Pods/Target Support Files/Pods-UTravel/Pods-UTravel-resources.sh\"\n";
			showEnvVarsInLog = 0;
		};
		BC731037DEB8D5D226052433 /* [CP] Embed Pods Frameworks */ = {
			isa = PBXShellScriptBuildPhase;
			buildActionMask = 2147483647;
			files = (
			);
			inputPaths = (
			);
			name = "[CP] Embed Pods Frameworks";
			outputPaths = (
			);
			runOnlyForDeploymentPostprocessing = 0;
			shellPath = /bin/sh;
			shellScript = "\"${SRCROOT}/Pods/Target Support Files/Pods-UTravel/Pods-UTravel-frameworks.sh\"\n";
			showEnvVarsInLog = 0;
		};
/* End PBXShellScriptBuildPhase section */

/* Begin PBXSourcesBuildPhase section */
		17991D381F4281F2007E2AF1 /* Sources */ = {
			isa = PBXSourcesBuildPhase;
			buildActionMask = 2147483647;
			files = (
				17CBF66A1F454BAA00525F04 /* CitiesTableView.swift in Sources */,
				17DBF7AB1F42EB2800170FA6 /* AppDelegate.swift in Sources */,
				17991D421F4281F2007E2AF1 /* ViewController.swift in Sources */,
			);
			runOnlyForDeploymentPostprocessing = 0;
		};
/* End PBXSourcesBuildPhase section */

/* Begin PBXVariantGroup section */
		17991D431F4281F2007E2AF1 /* Main.storyboard */ = {
			isa = PBXVariantGroup;
			children = (
				17991D441F4281F2007E2AF1 /* Base */,
			);
			name = Main.storyboard;
			sourceTree = "<group>";
		};
		17991D481F4281F2007E2AF1 /* LaunchScreen.storyboard */ = {
			isa = PBXVariantGroup;
			children = (
				17991D491F4281F2007E2AF1 /* Base */,
			);
			name = LaunchScreen.storyboard;
			sourceTree = "<group>";
		};
/* End PBXVariantGroup section */

/* Begin XCBuildConfiguration section */
		17991D4C1F4281F2007E2AF1 /* Debug */ = {
			isa = XCBuildConfiguration;
			buildSettings = {
				ALWAYS_SEARCH_USER_PATHS = NO;
				CLANG_ANALYZER_NONNULL = YES;
				CLANG_ANALYZER_NUMBER_OBJECT_CONVERSION = YES_AGGRESSIVE;
				CLANG_CXX_LANGUAGE_STANDARD = "gnu++0x";
				CLANG_CXX_LIBRARY = "libc++";
				CLANG_ENABLE_MODULES = YES;
				CLANG_ENABLE_OBJC_ARC = YES;
				CLANG_WARN_BOOL_CONVERSION = YES;
				CLANG_WARN_CONSTANT_CONVERSION = YES;
				CLANG_WARN_DIRECT_OBJC_ISA_USAGE = YES_ERROR;
				CLANG_WARN_DOCUMENTATION_COMMENTS = YES;
				CLANG_WARN_EMPTY_BODY = YES;
				CLANG_WARN_ENUM_CONVERSION = YES;
				CLANG_WARN_INFINITE_RECURSION = YES;
				CLANG_WARN_INT_CONVERSION = YES;
				CLANG_WARN_OBJC_ROOT_CLASS = YES_ERROR;
				CLANG_WARN_SUSPICIOUS_MOVE = YES;
				CLANG_WARN_UNREACHABLE_CODE = YES;
				CLANG_WARN__DUPLICATE_METHOD_MATCH = YES;
				"CODE_SIGN_IDENTITY[sdk=iphoneos*]" = "iPhone Developer";
				COPY_PHASE_STRIP = NO;
				DEBUG_INFORMATION_FORMAT = dwarf;
				ENABLE_STRICT_OBJC_MSGSEND = YES;
				ENABLE_TESTABILITY = YES;
				GCC_C_LANGUAGE_STANDARD = gnu99;
				GCC_DYNAMIC_NO_PIC = NO;
				GCC_NO_COMMON_BLOCKS = YES;
				GCC_OPTIMIZATION_LEVEL = 0;
				GCC_PREPROCESSOR_DEFINITIONS = (
					"DEBUG=1",
					"$(inherited)",
				);
				GCC_WARN_64_TO_32_BIT_CONVERSION = YES;
				GCC_WARN_ABOUT_RETURN_TYPE = YES_ERROR;
				GCC_WARN_UNDECLARED_SELECTOR = YES;
				GCC_WARN_UNINITIALIZED_AUTOS = YES_AGGRESSIVE;
				GCC_WARN_UNUSED_FUNCTION = YES;
				GCC_WARN_UNUSED_VARIABLE = YES;
				IPHONEOS_DEPLOYMENT_TARGET = 10.3;
				MTL_ENABLE_DEBUG_INFO = YES;
				ONLY_ACTIVE_ARCH = YES;
				SDKROOT = iphoneos;
				SWIFT_ACTIVE_COMPILATION_CONDITIONS = DEBUG;
				SWIFT_OPTIMIZATION_LEVEL = "-Onone";
				TARGETED_DEVICE_FAMILY = "1,2";
			};
			name = Debug;
		};
		17991D4D1F4281F2007E2AF1 /* Release */ = {
			isa = XCBuildConfiguration;
			buildSettings = {
				ALWAYS_SEARCH_USER_PATHS = NO;
				CLANG_ANALYZER_NONNULL = YES;
				CLANG_ANALYZER_NUMBER_OBJECT_CONVERSION = YES_AGGRESSIVE;
				CLANG_CXX_LANGUAGE_STANDARD = "gnu++0x";
				CLANG_CXX_LIBRARY = "libc++";
				CLANG_ENABLE_MODULES = YES;
				CLANG_ENABLE_OBJC_ARC = YES;
				CLANG_WARN_BOOL_CONVERSION = YES;
				CLANG_WARN_CONSTANT_CONVERSION = YES;
				CLANG_WARN_DIRECT_OBJC_ISA_USAGE = YES_ERROR;
				CLANG_WARN_DOCUMENTATION_COMMENTS = YES;
				CLANG_WARN_EMPTY_BODY = YES;
				CLANG_WARN_ENUM_CONVERSION = YES;
				CLANG_WARN_INFINITE_RECURSION = YES;
				CLANG_WARN_INT_CONVERSION = YES;
				CLANG_WARN_OBJC_ROOT_CLASS = YES_ERROR;
				CLANG_WARN_SUSPICIOUS_MOVE = YES;
				CLANG_WARN_UNREACHABLE_CODE = YES;
				CLANG_WARN__DUPLICATE_METHOD_MATCH = YES;
				"CODE_SIGN_IDENTITY[sdk=iphoneos*]" = "iPhone Developer";
				COPY_PHASE_STRIP = NO;
				DEBUG_INFORMATION_FORMAT = "dwarf-with-dsym";
				ENABLE_NS_ASSERTIONS = NO;
				ENABLE_STRICT_OBJC_MSGSEND = YES;
				GCC_C_LANGUAGE_STANDARD = gnu99;
				GCC_NO_COMMON_BLOCKS = YES;
				GCC_WARN_64_TO_32_BIT_CONVERSION = YES;
				GCC_WARN_ABOUT_RETURN_TYPE = YES_ERROR;
				GCC_WARN_UNDECLARED_SELECTOR = YES;
				GCC_WARN_UNINITIALIZED_AUTOS = YES_AGGRESSIVE;
				GCC_WARN_UNUSED_FUNCTION = YES;
				GCC_WARN_UNUSED_VARIABLE = YES;
				IPHONEOS_DEPLOYMENT_TARGET = 10.3;
				MTL_ENABLE_DEBUG_INFO = NO;
				SDKROOT = iphoneos;
				SWIFT_OPTIMIZATION_LEVEL = "-Owholemodule";
				TARGETED_DEVICE_FAMILY = "1,2";
				VALIDATE_PRODUCT = YES;
			};
			name = Release;
		};
		17991D4F1F4281F2007E2AF1 /* Debug */ = {
			isa = XCBuildConfiguration;
			baseConfigurationReference = 1376FCE46E387E5B6AE59AE4 /* Pods-UTravel.debug.xcconfig */;
			buildSettings = {
				ASSETCATALOG_COMPILER_APPICON_NAME = AppIcon;
				DEVELOPMENT_TEAM = DY4Z56QSR7;
				INFOPLIST_FILE = UTravel/Info.plist;
				IPHONEOS_DEPLOYMENT_TARGET = 10.3;
				LD_RUNPATH_SEARCH_PATHS = "$(inherited) @executable_path/Frameworks";
				ONLY_ACTIVE_ARCH = YES;
				PRODUCT_BUNDLE_IDENTIFIER = com.DennisLi.UTravel;
				PRODUCT_NAME = "$(TARGET_NAME)";
				SWIFT_VERSION = 3.0;
				TARGETED_DEVICE_FAMILY = "1,2";
			};
			name = Debug;
		};
		17991D501F4281F2007E2AF1 /* Release */ = {
			isa = XCBuildConfiguration;
			baseConfigurationReference = FB33ED6ECD09276778C061E9 /* Pods-UTravel.release.xcconfig */;
			buildSettings = {
				ASSETCATALOG_COMPILER_APPICON_NAME = AppIcon;
				DEVELOPMENT_TEAM = DY4Z56QSR7;
				INFOPLIST_FILE = UTravel/Info.plist;
				IPHONEOS_DEPLOYMENT_TARGET = 10.3;
				LD_RUNPATH_SEARCH_PATHS = "$(inherited) @executable_path/Frameworks";
				ONLY_ACTIVE_ARCH = YES;
				PRODUCT_BUNDLE_IDENTIFIER = com.DennisLi.UTravel;
				PRODUCT_NAME = "$(TARGET_NAME)";
				SWIFT_VERSION = 3.0;
				TARGETED_DEVICE_FAMILY = "1,2";
			};
			name = Release;
		};
/* End XCBuildConfiguration section */

/* Begin XCConfigurationList section */
		17991D371F4281F2007E2AF1 /* Build configuration list for PBXProject "UTravel" */ = {
			isa = XCConfigurationList;
			buildConfigurations = (
				17991D4C1F4281F2007E2AF1 /* Debug */,
				17991D4D1F4281F2007E2AF1 /* Release */,
			);
			defaultConfigurationIsVisible = 0;
			defaultConfigurationName = Release;
		};
		17991D4E1F4281F2007E2AF1 /* Build configuration list for PBXNativeTarget "UTravel" */ = {
			isa = XCConfigurationList;
			buildConfigurations = (
				17991D4F1F4281F2007E2AF1 /* Debug */,
				17991D501F4281F2007E2AF1 /* Release */,
			);
			defaultConfigurationIsVisible = 0;
			defaultConfigurationName = Release;
		};
/* End XCConfigurationList section */
	};
	rootObject = 17991D341F4281F2007E2AF1 /* Project object */;
}
